
Microsoft Visual Studio Solution File, Format Version 12.00
# Visual Studio 15
VisualStudioVersion = 15.0.27130.2020
MinimumVisualStudioVersion = 10.0.40219.1
Project("{8BC9CEB8-8B4A-11D0-8D11-00A0C91BC942}") = "texassemble", "Texassemble_Desktop_2017.vcxproj", "{8F18CBD7-4116-4956-BCD8-20D688A4CBD1}"
EndProject
Global
	GlobalSection(SolutionConfigurationPlatforms) = preSolution
		Debug|x64 = Debug|x64
		Debug|x86 = Debug|x86
		Profile|x64 = Profile|x64
		Profile|x86 = Profile|x86
		Release|x64 = Release|x64
		Release|x86 = Release|x86
	EndGlobalSection
	GlobalSection(ProjectConfigurationPlatforms) = postSolution
		{8F18CBD7-4116-4956-BCD8-20D688A4CBD1}.Debug|x64.ActiveCfg = Debug|x64
		{8F18CBD7-4116-4956-BCD8-20D688A4CBD1}.Debug|x64.Build.0 = Debug|x64
		{8F18CBD7-4116-4956-BCD8-20D688A4CBD1}.Debug|x86.ActiveCfg = Debug|Win32
		{8F18CBD7-4116-4956-BCD8-20D688A4CBD1}.Debug|x86.Build.0 = Debug|Win32
		{8F18CBD7-4116-4956-BCD8-20D688A4CBD1}.Profile|x64.ActiveCfg = Profile|x64
		{8F18CBD7-4116-4956-BCD8-20D688A4CBD1}.Profile|x64.Build.0 = Profile|x64
		{8F18CBD7-4116-4956-BCD8-20D688A4CBD1}.Profile|x86.ActiveCfg = Profile|Win32
		{8F18CBD7-4116-4956-BCD8-20D688A4CBD1}.Profile|x86.Build.0 = Profile|Win32
		{8F18CBD7-4116-4956-BCD8-20D688A4CBD1}.Release|x64.ActiveCfg = Release|x64
		{8F18CBD7-4116-4956-BCD8-20D688A4CBD1}.Release|x64.Build.0 = Release|x64
		{8F18CBD7-4116-4956-BCD8-20D688A4CBD1}.Release|x86.ActiveCfg = Release|Win32
		{8F18CBD7-4116-4956-BCD8-20D688A4CBD1}.Release|x86.Build.0 = Release|Win32
	EndGlobalSection
	GlobalSection(SolutionProperties) = preSolution
		HideSolutionNode = FALSE
	EndGlobalSection
	GlobalSection(ExtensibilityGlobals) = postSolution
		SolutionGuid = {34004A8E-7C2B-45A0-B6F9-ECAC4ACA718B}
	EndGlobalSection
EndGlobal
